
Microsoft Visual Studio Solution File, Format Version 12.00
# Visual Studio Version 17
VisualStudioVersion = 17.14.36408.4
MinimumVisualStudioVersion = 10.0.40219.1
Project("{2150E333-8FDC-42A3-9474-1A3956D46DE8}") = "ProductMicroservice", "ProductMicroservice", "{02EA681E-C7D8-13C7-8484-4AC65E1B71E8}"
EndProject
Project("{2150E333-8FDC-42A3-9474-1A3956D46DE8}") = "1.Presentation", "1.Presentation", "{EAD22A0B-9A3D-4A3A-B0DB-149CB45064BB}"
EndProject
Project("{2150E333-8FDC-42A3-9474-1A3956D46DE8}") = "2.Application", "2.Application", "{4F8BAB09-C234-4DAC-88E8-38771B27EE61}"
EndProject
Project("{2150E333-8FDC-42A3-9474-1A3956D46DE8}") = "3.Domain", "3.Domain", "{686F0C3A-898B-48E5-800A-D9A410590CF1}"
EndProject
Project("{2150E333-8FDC-42A3-9474-1A3956D46DE8}") = "4.Infraestructure", "4.Infraestructure", "{E323AF7D-5F31-4CD5-84ED-FF444DDAEFDC}"
EndProject
Project("{2150E333-8FDC-42A3-9474-1A3956D46DE8}") = "OrderMicroservice", "OrderMicroservice", "{8DF57175-D032-437F-8E41-052E9EDFDC83}"
EndProject
Project("{2150E333-8FDC-42A3-9474-1A3956D46DE8}") = "CustomerMicroservice", "CustomerMicroservice", "{54728E2E-D863-489D-8C6F-A168B4C6D0D3}"
EndProject
Project("{2150E333-8FDC-42A3-9474-1A3956D46DE8}") = "1.Presentation", "1.Presentation", "{73CC0454-3A37-4A1E-872D-D4FF77E11472}"
EndProject
Project("{2150E333-8FDC-42A3-9474-1A3956D46DE8}") = "2.Application", "2.Application", "{F9015D80-015D-4EF2-88E3-CB553F018198}"
EndProject
Project("{2150E333-8FDC-42A3-9474-1A3956D46DE8}") = "3.Domain", "3.Domain", "{4AF23D59-0395-49EF-9BB0-232938630DBC}"
EndProject
Project("{2150E333-8FDC-42A3-9474-1A3956D46DE8}") = "4.Infraestructure", "4.Infraestructure", "{530117E0-1E3C-4BF4-8804-B0BCB06F4DCE}"
EndProject
Project("{2150E333-8FDC-42A3-9474-1A3956D46DE8}") = "1.Presentation", "1.Presentation", "{C972A573-A82B-4932-A6CE-53D4621C2A0F}"
EndProject
Project("{2150E333-8FDC-42A3-9474-1A3956D46DE8}") = "2.Application", "2.Application", "{49711935-D00E-4470-8F38-0DFFAF7D8CE6}"
EndProject
Project("{2150E333-8FDC-42A3-9474-1A3956D46DE8}") = "3.Domain", "3.Domain", "{012D3768-52CD-46F1-B373-C1B47208CFD8}"
EndProject
Project("{2150E333-8FDC-42A3-9474-1A3956D46DE8}") = "4.Infraestructure", "4.Infraestructure", "{4C682C8C-1BDD-44AA-B210-B39909777C11}"
EndProject
Project("{FAE04EC0-301F-11D3-BF4B-00C04F79EFBC}") = "MSProductInfra", "MSProductInfra\MSProductInfra.csproj", "{0E08B486-D75B-4337-845E-7737C8DCCB0E}"
EndProject
Project("{FAE04EC0-301F-11D3-BF4B-00C04F79EFBC}") = "MSProductDomain", "MSProductDomain\MSProductDomain.csproj", "{F4E10CA8-DFCF-44F6-83F6-EA2213315B86}"
EndProject
Project("{FAE04EC0-301F-11D3-BF4B-00C04F79EFBC}") = "MSProductApplication", "MSProductApplication\MSProductApplication.csproj", "{E671BC38-7C2B-409A-A315-F15408BA64DE}"
EndProject
Project("{FAE04EC0-301F-11D3-BF4B-00C04F79EFBC}") = "APICustomers", "APICustomers\APICustomers.csproj", "{F96307CF-FF21-46A3-9DB0-AEB9A86F14C4}"
EndProject
Project("{FAE04EC0-301F-11D3-BF4B-00C04F79EFBC}") = "MSCustomerApplication", "MSCustomerApplication\MSCustomerApplication.csproj", "{B14EC4C7-400F-4AC2-B0FB-019EB1CA760F}"
EndProject
Project("{FAE04EC0-301F-11D3-BF4B-00C04F79EFBC}") = "MSCustomerDomain", "MSCustomerDomain\MSCustomerDomain.csproj", "{C9465EE8-7E77-4947-980B-9FF8057DAE44}"
EndProject
Project("{FAE04EC0-301F-11D3-BF4B-00C04F79EFBC}") = "MSCustomerInfra", "MSCustomerInfra\MSCustomerInfra.csproj", "{0EAC6F67-AC57-4BDF-B421-E5B35621D704}"
EndProject
Project("{FAE04EC0-301F-11D3-BF4B-00C04F79EFBC}") = "APIOrders", "APIOrders\APIOrders.csproj", "{66A57DE8-36F9-4D7D-BA6F-FB7235213FA0}"
EndProject
Project("{FAE04EC0-301F-11D3-BF4B-00C04F79EFBC}") = "MSOrderInfra", "MSOrderInfra\MSOrderInfra.csproj", "{B9E73BB2-D452-4156-AB80-43DA9B83D199}"
EndProject
Project("{FAE04EC0-301F-11D3-BF4B-00C04F79EFBC}") = "MSOrderDomain", "MSOrderDomain\MSOrderDomain.csproj", "{6882E8C7-3C11-4E02-AF89-057BFEC7891A}"
EndProject
Project("{FAE04EC0-301F-11D3-BF4B-00C04F79EFBC}") = "MSOrderApplication", "MSOrderApplication\MSOrderApplication.csproj", "{B2A471A9-DF0E-477A-8BEB-A46A61E47234}"
EndProject
Project("{FAE04EC0-301F-11D3-BF4B-00C04F79EFBC}") = "WebClient", "WebClient\WebClient.csproj", "{5754AF7F-4571-4FF8-ABFE-05297D0A2226}"
EndProject
Project("{2150E333-8FDC-42A3-9474-1A3956D46DE8}") = "BlazorWebApp", "BlazorWebApp", "{92B1C00F-50BA-4E63-B438-16251A07D305}"
EndProject
Project("{FAE04EC0-301F-11D3-BF4B-00C04F79EFBC}") = "APIProducts", "APIProducts\APIProducts.csproj", "{F3A5342D-26FA-064D-C943-47DCA02224DA}"
EndProject
Global
	GlobalSection(SolutionConfigurationPlatforms) = preSolution
		Debug|Any CPU = Debug|Any CPU
		Release|Any CPU = Release|Any CPU
	EndGlobalSection
	GlobalSection(ProjectConfigurationPlatforms) = postSolution
		{0E08B486-D75B-4337-845E-7737C8DCCB0E}.Debug|Any CPU.ActiveCfg = Debug|Any CPU
		{0E08B486-D75B-4337-845E-7737C8DCCB0E}.Debug|Any CPU.Build.0 = Debug|Any CPU
		{0E08B486-D75B-4337-845E-7737C8DCCB0E}.Release|Any CPU.ActiveCfg = Release|Any CPU
		{0E08B486-D75B-4337-845E-7737C8DCCB0E}.Release|Any CPU.Build.0 = Release|Any CPU
		{F4E10CA8-DFCF-44F6-83F6-EA2213315B86}.Debug|Any CPU.ActiveCfg = Debug|Any CPU
		{F4E10CA8-DFCF-44F6-83F6-EA2213315B86}.Debug|Any CPU.Build.0 = Debug|Any CPU
		{F4E10CA8-DFCF-44F6-83F6-EA2213315B86}.Release|Any CPU.ActiveCfg = Release|Any CPU
		{F4E10CA8-DFCF-44F6-83F6-EA2213315B86}.Release|Any CPU.Build.0 = Release|Any CPU
		{E671BC38-7C2B-409A-A315-F15408BA64DE}.Debug|Any CPU.ActiveCfg = Debug|Any CPU
		{E671BC38-7C2B-409A-A315-F15408BA64DE}.Debug|Any CPU.Build.0 = Debug|Any CPU
		{E671BC38-7C2B-409A-A315-F15408BA64DE}.Release|Any CPU.ActiveCfg = Release|Any CPU
		{E671BC38-7C2B-409A-A315-F15408BA64DE}.Release|Any CPU.Build.0 = Release|Any CPU
		{F96307CF-FF21-46A3-9DB0-AEB9A86F14C4}.Debug|Any CPU.ActiveCfg = Debug|Any CPU
		{F96307CF-FF21-46A3-9DB0-AEB9A86F14C4}.Debug|Any CPU.Build.0 = Debug|Any CPU
		{F96307CF-FF21-46A3-9DB0-AEB9A86F14C4}.Release|Any CPU.ActiveCfg = Release|Any CPU
		{F96307CF-FF21-46A3-9DB0-AEB9A86F14C4}.Release|Any CPU.Build.0 = Release|Any CPU
		{B14EC4C7-400F-4AC2-B0FB-019EB1CA760F}.Debug|Any CPU.ActiveCfg = Debug|Any CPU
		{B14EC4C7-400F-4AC2-B0FB-019EB1CA760F}.Debug|Any CPU.Build.0 = Debug|Any CPU
		{B14EC4C7-400F-4AC2-B0FB-019EB1CA760F}.Release|Any CPU.ActiveCfg = Release|Any CPU
		{B14EC4C7-400F-4AC2-B0FB-019EB1CA760F}.Release|Any CPU.Build.0 = Release|Any CPU
		{C9465EE8-7E77-4947-980B-9FF8057DAE44}.Debug|Any CPU.ActiveCfg = Debug|Any CPU
		{C9465EE8-7E77-4947-980B-9FF8057DAE44}.Debug|Any CPU.Build.0 = Debug|Any CPU
		{C9465EE8-7E77-4947-980B-9FF8057DAE44}.Release|Any CPU.ActiveCfg = Release|Any CPU
		{C9465EE8-7E77-4947-980B-9FF8057DAE44}.Release|Any CPU.Build.0 = Release|Any CPU
		{0EAC6F67-AC57-4BDF-B421-E5B35621D704}.Debug|Any CPU.ActiveCfg = Debug|Any CPU
		{0EAC6F67-AC57-4BDF-B421-E5B35621D704}.Debug|Any CPU.Build.0 = Debug|Any CPU
		{0EAC6F67-AC57-4BDF-B421-E5B35621D704}.Release|Any CPU.ActiveCfg = Release|Any CPU
		{0EAC6F67-AC57-4BDF-B421-E5B35621D704}.Release|Any CPU.Build.0 = Release|Any CPU
		{66A57DE8-36F9-4D7D-BA6F-FB7235213FA0}.Debug|Any CPU.ActiveCfg = Debug|Any CPU
		{66A57DE8-36F9-4D7D-BA6F-FB7235213FA0}.Debug|Any CPU.Build.0 = Debug|Any CPU
		{66A57DE8-36F9-4D7D-BA6F-FB7235213FA0}.Release|Any CPU.ActiveCfg = Release|Any CPU
		{66A57DE8-36F9-4D7D-BA6F-FB7235213FA0}.Release|Any CPU.Build.0 = Release|Any CPU
		{B9E73BB2-D452-4156-AB80-43DA9B83D199}.Debug|Any CPU.ActiveCfg = Debug|Any CPU
		{B9E73BB2-D452-4156-AB80-43DA9B83D199}.Debug|Any CPU.Build.0 = Debug|Any CPU
		{B9E73BB2-D452-4156-AB80-43DA9B83D199}.Release|Any CPU.ActiveCfg = Release|Any CPU
		{B9E73BB2-D452-4156-AB80-43DA9B83D199}.Release|Any CPU.Build.0 = Release|Any CPU
		{6882E8C7-3C11-4E02-AF89-057BFEC7891A}.Debug|Any CPU.ActiveCfg = Debug|Any CPU
		{6882E8C7-3C11-4E02-AF89-057BFEC7891A}.Debug|Any CPU.Build.0 = Debug|Any CPU
		{6882E8C7-3C11-4E02-AF89-057BFEC7891A}.Release|Any CPU.ActiveCfg = Release|Any CPU
		{6882E8C7-3C11-4E02-AF89-057BFEC7891A}.Release|Any CPU.Build.0 = Release|Any CPU
		{B2A471A9-DF0E-477A-8BEB-A46A61E47234}.Debug|Any CPU.ActiveCfg = Debug|Any CPU
		{B2A471A9-DF0E-477A-8BEB-A46A61E47234}.Debug|Any CPU.Build.0 = Debug|Any CPU
		{B2A471A9-DF0E-477A-8BEB-A46A61E47234}.Release|Any CPU.ActiveCfg = Release|Any CPU
		{B2A471A9-DF0E-477A-8BEB-A46A61E47234}.Release|Any CPU.Build.0 = Release|Any CPU
		{5754AF7F-4571-4FF8-ABFE-05297D0A2226}.Debug|Any CPU.ActiveCfg = Debug|Any CPU
		{5754AF7F-4571-4FF8-ABFE-05297D0A2226}.Debug|Any CPU.Build.0 = Debug|Any CPU
		{5754AF7F-4571-4FF8-ABFE-05297D0A2226}.Release|Any CPU.ActiveCfg = Release|Any CPU
		{5754AF7F-4571-4FF8-ABFE-05297D0A2226}.Release|Any CPU.Build.0 = Release|Any CPU
		{F3A5342D-26FA-064D-C943-47DCA02224DA}.Debug|Any CPU.ActiveCfg = Debug|Any CPU
		{F3A5342D-26FA-064D-C943-47DCA02224DA}.Debug|Any CPU.Build.0 = Debug|Any CPU
		{F3A5342D-26FA-064D-C943-47DCA02224DA}.Release|Any CPU.ActiveCfg = Release|Any CPU
		{F3A5342D-26FA-064D-C943-47DCA02224DA}.Release|Any CPU.Build.0 = Release|Any CPU
	EndGlobalSection
	GlobalSection(SolutionProperties) = preSolution
		HideSolutionNode = FALSE
	EndGlobalSection
	GlobalSection(NestedProjects) = preSolution
		{EAD22A0B-9A3D-4A3A-B0DB-149CB45064BB} = {02EA681E-C7D8-13C7-8484-4AC65E1B71E8}
		{4F8BAB09-C234-4DAC-88E8-38771B27EE61} = {02EA681E-C7D8-13C7-8484-4AC65E1B71E8}
		{686F0C3A-898B-48E5-800A-D9A410590CF1} = {02EA681E-C7D8-13C7-8484-4AC65E1B71E8}
		{E323AF7D-5F31-4CD5-84ED-FF444DDAEFDC} = {02EA681E-C7D8-13C7-8484-4AC65E1B71E8}
		{73CC0454-3A37-4A1E-872D-D4FF77E11472} = {54728E2E-D863-489D-8C6F-A168B4C6D0D3}
		{F9015D80-015D-4EF2-88E3-CB553F018198} = {54728E2E-D863-489D-8C6F-A168B4C6D0D3}
		{4AF23D59-0395-49EF-9BB0-232938630DBC} = {54728E2E-D863-489D-8C6F-A168B4C6D0D3}
		{530117E0-1E3C-4BF4-8804-B0BCB06F4DCE} = {54728E2E-D863-489D-8C6F-A168B4C6D0D3}
		{C972A573-A82B-4932-A6CE-53D4621C2A0F} = {8DF57175-D032-437F-8E41-052E9EDFDC83}
		{49711935-D00E-4470-8F38-0DFFAF7D8CE6} = {8DF57175-D032-437F-8E41-052E9EDFDC83}
		{012D3768-52CD-46F1-B373-C1B47208CFD8} = {8DF57175-D032-437F-8E41-052E9EDFDC83}
		{4C682C8C-1BDD-44AA-B210-B39909777C11} = {8DF57175-D032-437F-8E41-052E9EDFDC83}
		{0E08B486-D75B-4337-845E-7737C8DCCB0E} = {E323AF7D-5F31-4CD5-84ED-FF444DDAEFDC}
		{F4E10CA8-DFCF-44F6-83F6-EA2213315B86} = {686F0C3A-898B-48E5-800A-D9A410590CF1}
		{E671BC38-7C2B-409A-A315-F15408BA64DE} = {4F8BAB09-C234-4DAC-88E8-38771B27EE61}
		{F96307CF-FF21-46A3-9DB0-AEB9A86F14C4} = {73CC0454-3A37-4A1E-872D-D4FF77E11472}
		{B14EC4C7-400F-4AC2-B0FB-019EB1CA760F} = {F9015D80-015D-4EF2-88E3-CB553F018198}
		{C9465EE8-7E77-4947-980B-9FF8057DAE44} = {4AF23D59-0395-49EF-9BB0-232938630DBC}
		{0EAC6F67-AC57-4BDF-B421-E5B35621D704} = {530117E0-1E3C-4BF4-8804-B0BCB06F4DCE}
		{66A57DE8-36F9-4D7D-BA6F-FB7235213FA0} = {C972A573-A82B-4932-A6CE-53D4621C2A0F}
		{B9E73BB2-D452-4156-AB80-43DA9B83D199} = {4C682C8C-1BDD-44AA-B210-B39909777C11}
		{6882E8C7-3C11-4E02-AF89-057BFEC7891A} = {012D3768-52CD-46F1-B373-C1B47208CFD8}
		{B2A471A9-DF0E-477A-8BEB-A46A61E47234} = {49711935-D00E-4470-8F38-0DFFAF7D8CE6}
		{5754AF7F-4571-4FF8-ABFE-05297D0A2226} = {92B1C00F-50BA-4E63-B438-16251A07D305}
		{F3A5342D-26FA-064D-C943-47DCA02224DA} = {EAD22A0B-9A3D-4A3A-B0DB-149CB45064BB}
	EndGlobalSection
	GlobalSection(ExtensibilityGlobals) = postSolution
		SolutionGuid = {83470387-2380-417F-B06F-D777558DE74A}
	EndGlobalSection
EndGlobal
